// !$*UTF8*$!
{
	archiveVersion = 1;
	classes = {
	};
	objectVersion = 56;
	objects = {

/* Begin PBXBuildFile section */
		272E504B2CDEEAB1001E01F2 /* BookingDetails.swift in Sources */ = {isa = PBXBuildFile; fileRef = 272E504A2CDEEAB1001E01F2 /* BookingDetails.swift */; };
		AE51E1E82CD9EACA00444207 /* Onboarding 1.swift in Sources */ = {isa = PBXBuildFile; fileRef = AE51E1E72CD9EACA00444207 /* Onboarding 1.swift */; };
		AE61C1102CDDDAA200C59148 /* ParkingDetails.swift in Sources */ = {isa = PBXBuildFile; fileRef = AE61C10F2CDDDAA200C59148 /* ParkingDetails.swift */; };
		AE61C1122CDDE47F00C59148 /* MainView.swift in Sources */ = {isa = PBXBuildFile; fileRef = AE61C1112CDDE47F00C59148 /* MainView.swift */; };
		AE81E8232CDF2B8C0070A4A1 /* SelectVehicle.swift in Sources */ = {isa = PBXBuildFile; fileRef = AE81E8222CDF2B8C0070A4A1 /* SelectVehicle.swift */; };
		AE81E8252CDF2F470070A4A1 /* SelectParkingSlot.swift in Sources */ = {isa = PBXBuildFile; fileRef = AE81E8242CDF2F470070A4A1 /* SelectParkingSlot.swift */; };
		AE81E8272CDF486B0070A4A1 /* ReviewSummary.swift in Sources */ = {isa = PBXBuildFile; fileRef = AE81E8262CDF486B0070A4A1 /* ReviewSummary.swift */; };
		AE81E8292CDF698C0070A4A1 /* PaymentMethod.swift in Sources */ = {isa = PBXBuildFile; fileRef = AE81E8282CDF698C0070A4A1 /* PaymentMethod.swift */; };
		AE81E82B2CDF76570070A4A1 /* SuccessView.swift in Sources */ = {isa = PBXBuildFile; fileRef = AE81E82A2CDF76570070A4A1 /* SuccessView.swift */; };
		AE81E82D2CDF81270070A4A1 /* MyBooking.swift in Sources */ = {isa = PBXBuildFile; fileRef = AE81E82C2CDF81270070A4A1 /* MyBooking.swift */; };
		AE81E82F2CDF92AB0070A4A1 /* Favourite.swift in Sources */ = {isa = PBXBuildFile; fileRef = AE81E82E2CDF92AB0070A4A1 /* Favourite.swift */; };
		AE81E8312CDF9E650070A4A1 /* Profile.swift in Sources */ = {isa = PBXBuildFile; fileRef = AE81E8302CDF9E650070A4A1 /* Profile.swift */; };
		AE81E8332CDFA69D0070A4A1 /* Notifications.swift in Sources */ = {isa = PBXBuildFile; fileRef = AE81E8322CDFA69D0070A4A1 /* Notifications.swift */; };
		AE95C8242CDB337A00E039C5 /* Onboarding 2.swift in Sources */ = {isa = PBXBuildFile; fileRef = AE95C8232CDB337A00E039C5 /* Onboarding 2.swift */; };
		AE95C8262CDB404300E039C5 /* Onboarding 3.swift in Sources */ = {isa = PBXBuildFile; fileRef = AE95C8252CDB404300E039C5 /* Onboarding 3.swift */; };
		AE95C8282CDB42F100E039C5 /* SignUp.swift in Sources */ = {isa = PBXBuildFile; fileRef = AE95C8272CDB42F100E039C5 /* SignUp.swift */; };
		AE95C82A2CDB647100E039C5 /* Verification 1.swift in Sources */ = {isa = PBXBuildFile; fileRef = AE95C8292CDB647100E039C5 /* Verification 1.swift */; };
		AE95C82C2CDB826900E039C5 /* Verification 2.swift in Sources */ = {isa = PBXBuildFile; fileRef = AE95C82B2CDB826900E039C5 /* Verification 2.swift */; };
		AE95C82E2CDB85BF00E039C5 /* SignIn.swift in Sources */ = {isa = PBXBuildFile; fileRef = AE95C82D2CDB85BF00E039C5 /* SignIn.swift */; };
		AE95C8302CDB8CDA00E039C5 /* Location.swift in Sources */ = {isa = PBXBuildFile; fileRef = AE95C82F2CDB8CDA00E039C5 /* Location.swift */; };
		AEA98E102CEB5A750094A685 /* test01.swift in Sources */ = {isa = PBXBuildFile; fileRef = AEA98E0F2CEB5A750094A685 /* test01.swift */; };
		AEAF6EF32CEC8A64009CEABD /* test02.swift in Sources */ = {isa = PBXBuildFile; fileRef = AEAF6EF22CEC8A64009CEABD /* test02.swift */; };
		AEB216D22CDC89EE0016C3F3 /* ManualLocation.swift in Sources */ = {isa = PBXBuildFile; fileRef = AEB216D12CDC89EE0016C3F3 /* ManualLocation.swift */; };
		AEB216D42CDC926A0016C3F3 /* Home.swift in Sources */ = {isa = PBXBuildFile; fileRef = AEB216D32CDC926A0016C3F3 /* Home.swift */; };
		AEBC40802CE3726300488696 /* userModel.swift in Sources */ = {isa = PBXBuildFile; fileRef = AEBC407F2CE3726300488696 /* userModel.swift */; };
		AEBC40822CE3736400488696 /* viewModel.swift in Sources */ = {isa = PBXBuildFile; fileRef = AEBC40812CE3736400488696 /* viewModel.swift */; };
		AEBC7AD22CE1CBFB00768CE3 /* GoogleService-Info.plist in Resources */ = {isa = PBXBuildFile; fileRef = AEBC7AD12CE1CBFB00768CE3 /* GoogleService-Info.plist */; };
		AEBC7AD52CE1CDC200768CE3 /* FirebaseAuth in Frameworks */ = {isa = PBXBuildFile; productRef = AEBC7AD42CE1CDC200768CE3 /* FirebaseAuth */; };
		AEBC7AD72CE1CDC200768CE3 /* FirebaseCore in Frameworks */ = {isa = PBXBuildFile; productRef = AEBC7AD62CE1CDC200768CE3 /* FirebaseCore */; };
		AEBC7AD92CE1CDC200768CE3 /* FirebaseFirestore in Frameworks */ = {isa = PBXBuildFile; productRef = AEBC7AD82CE1CDC200768CE3 /* FirebaseFirestore */; };
		AEBC7ADB2CE1CDC200768CE3 /* FirebaseStorage in Frameworks */ = {isa = PBXBuildFile; productRef = AEBC7ADA2CE1CDC200768CE3 /* FirebaseStorage */; };
		AEBE6A232CF043E400C0501A /* DataController.swift in Sources */ = {isa = PBXBuildFile; fileRef = AEBE6A222CF043E400C0501A /* DataController.swift */; };
		AEBE6A342CF0614D00C0501A /* detailsModel.xcdatamodeld in Sources */ = {isa = PBXBuildFile; fileRef = AEBE6A322CF0614D00C0501A /* detailsModel.xcdatamodeld */; };
		AEBE6A362CF07C7200C0501A /* test03.swift in Sources */ = {isa = PBXBuildFile; fileRef = AEBE6A352CF07C7200C0501A /* test03.swift */; };
		AED853522CD2266000841149 /* smart_city_parkingApp.swift in Sources */ = {isa = PBXBuildFile; fileRef = AED853512CD2266000841149 /* smart_city_parkingApp.swift */; };
		AED853542CD2266000841149 /* SplashScreenView.swift in Sources */ = {isa = PBXBuildFile; fileRef = AED853532CD2266000841149 /* SplashScreenView.swift */; };
		AED853562CD2266100841149 /* Assets.xcassets in Resources */ = {isa = PBXBuildFile; fileRef = AED853552CD2266100841149 /* Assets.xcassets */; };
		AED853592CD2266100841149 /* Preview Assets.xcassets in Resources */ = {isa = PBXBuildFile; fileRef = AED853582CD2266100841149 /* Preview Assets.xcassets */; };
		AED853632CD2266200841149 /* smart_city_parkingTests.swift in Sources */ = {isa = PBXBuildFile; fileRef = AED853622CD2266200841149 /* smart_city_parkingTests.swift */; };
		AED8536D2CD2266200841149 /* smart_city_parkingUITests.swift in Sources */ = {isa = PBXBuildFile; fileRef = AED8536C2CD2266200841149 /* smart_city_parkingUITests.swift */; };
		AED8536F2CD2266200841149 /* smart_city_parkingUITestsLaunchTests.swift in Sources */ = {isa = PBXBuildFile; fileRef = AED8536E2CD2266200841149 /* smart_city_parkingUITestsLaunchTests.swift */; };
/* End PBXBuildFile section */

/* Begin PBXContainerItemProxy section */
		AED8535F2CD2266200841149 /* PBXContainerItemProxy */ = {
			isa = PBXContainerItemProxy;
			containerPortal = AED853462CD2266000841149 /* Project object */;
			proxyType = 1;
			remoteGlobalIDString = AED8534D2CD2266000841149;
			remoteInfo = smart_city_parking;
		};
		AED853692CD2266200841149 /* PBXContainerItemProxy */ = {
			isa = PBXContainerItemProxy;
			containerPortal = AED853462CD2266000841149 /* Project object */;
			proxyType = 1;
			remoteGlobalIDString = AED8534D2CD2266000841149;
			remoteInfo = smart_city_parking;
		};
/* End PBXContainerItemProxy section */

/* Begin PBXFileReference section */
		272E504A2CDEEAB1001E01F2 /* BookingDetails.swift */ = {isa = PBXFileReference; lastKnownFileType = sourcecode.swift; path = BookingDetails.swift; sourceTree = "<group>"; };
		AE51E1E72CD9EACA00444207 /* Onboarding 1.swift */ = {isa = PBXFileReference; lastKnownFileType = sourcecode.swift; path = "Onboarding 1.swift"; sourceTree = "<group>"; };
		AE61C10F2CDDDAA200C59148 /* ParkingDetails.swift */ = {isa = PBXFileReference; lastKnownFileType = sourcecode.swift; path = ParkingDetails.swift; sourceTree = "<group>"; };
		AE61C1112CDDE47F00C59148 /* MainView.swift */ = {isa = PBXFileReference; lastKnownFileType = sourcecode.swift; path = MainView.swift; sourceTree = "<group>"; };
		AE81E8222CDF2B8C0070A4A1 /* SelectVehicle.swift */ = {isa = PBXFileReference; lastKnownFileType = sourcecode.swift; path = SelectVehicle.swift; sourceTree = "<group>"; };
		AE81E8242CDF2F470070A4A1 /* SelectParkingSlot.swift */ = {isa = PBXFileReference; lastKnownFileType = sourcecode.swift; path = SelectParkingSlot.swift; sourceTree = "<group>"; };
		AE81E8262CDF486B0070A4A1 /* ReviewSummary.swift */ = {isa = PBXFileReference; lastKnownFileType = sourcecode.swift; path = ReviewSummary.swift; sourceTree = "<group>"; };
		AE81E8282CDF698C0070A4A1 /* PaymentMethod.swift */ = {isa = PBXFileReference; lastKnownFileType = sourcecode.swift; path = PaymentMethod.swift; sourceTree = "<group>"; };
		AE81E82A2CDF76570070A4A1 /* SuccessView.swift */ = {isa = PBXFileReference; lastKnownFileType = sourcecode.swift; path = SuccessView.swift; sourceTree = "<group>"; };
		AE81E82C2CDF81270070A4A1 /* MyBooking.swift */ = {isa = PBXFileReference; lastKnownFileType = sourcecode.swift; path = MyBooking.swift; sourceTree = "<group>"; };
		AE81E82E2CDF92AB0070A4A1 /* Favourite.swift */ = {isa = PBXFileReference; lastKnownFileType = sourcecode.swift; path = Favourite.swift; sourceTree = "<group>"; };
		AE81E8302CDF9E650070A4A1 /* Profile.swift */ = {isa = PBXFileReference; lastKnownFileType = sourcecode.swift; path = Profile.swift; sourceTree = "<group>"; };
		AE81E8322CDFA69D0070A4A1 /* Notifications.swift */ = {isa = PBXFileReference; lastKnownFileType = sourcecode.swift; path = Notifications.swift; sourceTree = "<group>"; };
		AE95C8232CDB337A00E039C5 /* Onboarding 2.swift */ = {isa = PBXFileReference; lastKnownFileType = sourcecode.swift; path = "Onboarding 2.swift"; sourceTree = "<group>"; };
		AE95C8252CDB404300E039C5 /* Onboarding 3.swift */ = {isa = PBXFileReference; lastKnownFileType = sourcecode.swift; path = "Onboarding 3.swift"; sourceTree = "<group>"; };
		AE95C8272CDB42F100E039C5 /* SignUp.swift */ = {isa = PBXFileReference; lastKnownFileType = sourcecode.swift; path = SignUp.swift; sourceTree = "<group>"; };
		AE95C8292CDB647100E039C5 /* Verification 1.swift */ = {isa = PBXFileReference; lastKnownFileType = sourcecode.swift; path = "Verification 1.swift"; sourceTree = "<group>"; };
		AE95C82B2CDB826900E039C5 /* Verification 2.swift */ = {isa = PBXFileReference; lastKnownFileType = sourcecode.swift; path = "Verification 2.swift"; sourceTree = "<group>"; };
		AE95C82D2CDB85BF00E039C5 /* SignIn.swift */ = {isa = PBXFileReference; lastKnownFileType = sourcecode.swift; path = SignIn.swift; sourceTree = "<group>"; };
		AE95C82F2CDB8CDA00E039C5 /* Location.swift */ = {isa = PBXFileReference; lastKnownFileType = sourcecode.swift; path = Location.swift; sourceTree = "<group>"; };
		AEA98E0F2CEB5A750094A685 /* test01.swift */ = {isa = PBXFileReference; lastKnownFileType = sourcecode.swift; path = test01.swift; sourceTree = "<group>"; };
		AEAF6EF22CEC8A64009CEABD /* test02.swift */ = {isa = PBXFileReference; lastKnownFileType = sourcecode.swift; path = test02.swift; sourceTree = "<group>"; };
		AEB216D12CDC89EE0016C3F3 /* ManualLocation.swift */ = {isa = PBXFileReference; lastKnownFileType = sourcecode.swift; path = ManualLocation.swift; sourceTree = "<group>"; };
		AEB216D32CDC926A0016C3F3 /* Home.swift */ = {isa = PBXFileReference; lastKnownFileType = sourcecode.swift; path = Home.swift; sourceTree = "<group>"; };
		AEBC407F2CE3726300488696 /* userModel.swift */ = {isa = PBXFileReference; lastKnownFileType = sourcecode.swift; path = userModel.swift; sourceTree = "<group>"; };
		AEBC40812CE3736400488696 /* viewModel.swift */ = {isa = PBXFileReference; lastKnownFileType = sourcecode.swift; path = viewModel.swift; sourceTree = "<group>"; };
		AEBC7AD12CE1CBFB00768CE3 /* GoogleService-Info.plist */ = {isa = PBXFileReference; fileEncoding = 4; lastKnownFileType = text.plist.xml; name = "GoogleService-Info.plist"; path = "../../../../../Downloads/GoogleService-Info.plist"; sourceTree = "<group>"; };
		AEBE6A222CF043E400C0501A /* DataController.swift */ = {isa = PBXFileReference; lastKnownFileType = sourcecode.swift; path = DataController.swift; sourceTree = "<group>"; };
		AEBE6A332CF0614D00C0501A /* detailsModel.xcdatamodel */ = {isa = PBXFileReference; lastKnownFileType = wrapper.xcdatamodel; path = detailsModel.xcdatamodel; sourceTree = "<group>"; };
		AEBE6A352CF07C7200C0501A /* test03.swift */ = {isa = PBXFileReference; lastKnownFileType = sourcecode.swift; path = test03.swift; sourceTree = "<group>"; };
		AED8534E2CD2266000841149 /* smart_city_parking.app */ = {isa = PBXFileReference; explicitFileType = wrapper.application; includeInIndex = 0; path = smart_city_parking.app; sourceTree = BUILT_PRODUCTS_DIR; };
		AED853512CD2266000841149 /* smart_city_parkingApp.swift */ = {isa = PBXFileReference; lastKnownFileType = sourcecode.swift; path = smart_city_parkingApp.swift; sourceTree = "<group>"; };
		AED853532CD2266000841149 /* SplashScreenView.swift */ = {isa = PBXFileReference; lastKnownFileType = sourcecode.swift; path = SplashScreenView.swift; sourceTree = "<group>"; };
		AED853552CD2266100841149 /* Assets.xcassets */ = {isa = PBXFileReference; lastKnownFileType = folder.assetcatalog; path = Assets.xcassets; sourceTree = "<group>"; };
		AED853582CD2266100841149 /* Preview Assets.xcassets */ = {isa = PBXFileReference; lastKnownFileType = folder.assetcatalog; path = "Preview Assets.xcassets"; sourceTree = "<group>"; };
		AED8535E2CD2266200841149 /* smart_city_parkingTests.xctest */ = {isa = PBXFileReference; explicitFileType = wrapper.cfbundle; includeInIndex = 0; path = smart_city_parkingTests.xctest; sourceTree = BUILT_PRODUCTS_DIR; };
		AED853622CD2266200841149 /* smart_city_parkingTests.swift */ = {isa = PBXFileReference; lastKnownFileType = sourcecode.swift; path = smart_city_parkingTests.swift; sourceTree = "<group>"; };
		AED853682CD2266200841149 /* smart_city_parkingUITests.xctest */ = {isa = PBXFileReference; explicitFileType = wrapper.cfbundle; includeInIndex = 0; path = smart_city_parkingUITests.xctest; sourceTree = BUILT_PRODUCTS_DIR; };
		AED8536C2CD2266200841149 /* smart_city_parkingUITests.swift */ = {isa = PBXFileReference; lastKnownFileType = sourcecode.swift; path = smart_city_parkingUITests.swift; sourceTree = "<group>"; };
		AED8536E2CD2266200841149 /* smart_city_parkingUITestsLaunchTests.swift */ = {isa = PBXFileReference; lastKnownFileType = sourcecode.swift; path = smart_city_parkingUITestsLaunchTests.swift; sourceTree = "<group>"; };
/* End PBXFileReference section */

/* Begin PBXFrameworksBuildPhase section */
		AED8534B2CD2266000841149 /* Frameworks */ = {
			isa = PBXFrameworksBuildPhase;
			buildActionMask = 2147483647;
			files = (
				AEBC7AD72CE1CDC200768CE3 /* FirebaseCore in Frameworks */,
				AEBC7ADB2CE1CDC200768CE3 /* FirebaseStorage in Frameworks */,
				AEBC7AD52CE1CDC200768CE3 /* FirebaseAuth in Frameworks */,
				AEBC7AD92CE1CDC200768CE3 /* FirebaseFirestore in Frameworks */,
			);
			runOnlyForDeploymentPostprocessing = 0;
		};
		AED8535B2CD2266200841149 /* Frameworks */ = {
			isa = PBXFrameworksBuildPhase;
			buildActionMask = 2147483647;
			files = (
			);
			runOnlyForDeploymentPostprocessing = 0;
		};
		AED853652CD2266200841149 /* Frameworks */ = {
			isa = PBXFrameworksBuildPhase;
			buildActionMask = 2147483647;
			files = (
			);
			runOnlyForDeploymentPostprocessing = 0;
		};
/* End PBXFrameworksBuildPhase section */

/* Begin PBXGroup section */
		AED853452CD2266000841149 = {
			isa = PBXGroup;
			children = (
				AED853502CD2266000841149 /* smart_city_parking */,
				AED853612CD2266200841149 /* smart_city_parkingTests */,
				AED8536B2CD2266200841149 /* smart_city_parkingUITests */,
				AED8534F2CD2266000841149 /* Products */,
			);
			sourceTree = "<group>";
		};
		AED8534F2CD2266000841149 /* Products */ = {
			isa = PBXGroup;
			children = (
				AED8534E2CD2266000841149 /* smart_city_parking.app */,
				AED8535E2CD2266200841149 /* smart_city_parkingTests.xctest */,
				AED853682CD2266200841149 /* smart_city_parkingUITests.xctest */,
			);
			name = Products;
			sourceTree = "<group>";
		};
		AED853502CD2266000841149 /* smart_city_parking */ = {
			isa = PBXGroup;
			children = (
				AEBC7AD12CE1CBFB00768CE3 /* GoogleService-Info.plist */,
				AED853512CD2266000841149 /* smart_city_parkingApp.swift */,
				AED853532CD2266000841149 /* SplashScreenView.swift */,
				AE51E1E72CD9EACA00444207 /* Onboarding 1.swift */,
				AE95C8232CDB337A00E039C5 /* Onboarding 2.swift */,
				AE95C8252CDB404300E039C5 /* Onboarding 3.swift */,
				AE95C8272CDB42F100E039C5 /* SignUp.swift */,
				AE95C8292CDB647100E039C5 /* Verification 1.swift */,
				AE95C82B2CDB826900E039C5 /* Verification 2.swift */,
				AE95C82D2CDB85BF00E039C5 /* SignIn.swift */,
				AEBC407F2CE3726300488696 /* userModel.swift */,
				AEBC40812CE3736400488696 /* viewModel.swift */,
				AE95C82F2CDB8CDA00E039C5 /* Location.swift */,
				AEB216D12CDC89EE0016C3F3 /* ManualLocation.swift */,
				AE61C1112CDDE47F00C59148 /* MainView.swift */,
				272E504A2CDEEAB1001E01F2 /* BookingDetails.swift */,
				AE81E8222CDF2B8C0070A4A1 /* SelectVehicle.swift */,
				AEA98E0F2CEB5A750094A685 /* test01.swift */,
				AE81E8242CDF2F470070A4A1 /* SelectParkingSlot.swift */,
				AE81E8262CDF486B0070A4A1 /* ReviewSummary.swift */,
				AEBE6A222CF043E400C0501A /* DataController.swift */,
				AEBE6A322CF0614D00C0501A /* detailsModel.xcdatamodeld */,
				AE81E8282CDF698C0070A4A1 /* PaymentMethod.swift */,
				AE81E82A2CDF76570070A4A1 /* SuccessView.swift */,
				AE81E82C2CDF81270070A4A1 /* MyBooking.swift */,
				AE81E82E2CDF92AB0070A4A1 /* Favourite.swift */,
				AE81E8302CDF9E650070A4A1 /* Profile.swift */,
				AE81E8322CDFA69D0070A4A1 /* Notifications.swift */,
				AEB216D32CDC926A0016C3F3 /* Home.swift */,
				AE61C10F2CDDDAA200C59148 /* ParkingDetails.swift */,
				AEAF6EF22CEC8A64009CEABD /* test02.swift */,
				AEBE6A352CF07C7200C0501A /* test03.swift */,
				AED853552CD2266100841149 /* Assets.xcassets */,
				AED853572CD2266100841149 /* Preview Content */,
			);
			path = smart_city_parking;
			sourceTree = "<group>";
		};
		AED853572CD2266100841149 /* Preview Content */ = {
			isa = PBXGroup;
			children = (
				AED853582CD2266100841149 /* Preview Assets.xcassets */,
			);
			path = "Preview Content";
			sourceTree = "<group>";
		};
		AED853612CD2266200841149 /* smart_city_parkingTests */ = {
			isa = PBXGroup;
			children = (
				AED853622CD2266200841149 /* smart_city_parkingTests.swift */,
			);
			path = smart_city_parkingTests;
			sourceTree = "<group>";
		};
		AED8536B2CD2266200841149 /* smart_city_parkingUITests */ = {
			isa = PBXGroup;
			children = (
				AED8536C2CD2266200841149 /* smart_city_parkingUITests.swift */,
				AED8536E2CD2266200841149 /* smart_city_parkingUITestsLaunchTests.swift */,
			);
			path = smart_city_parkingUITests;
			sourceTree = "<group>";
		};
/* End PBXGroup section */

/* Begin PBXNativeTarget section */
		AED8534D2CD2266000841149 /* smart_city_parking */ = {
			isa = PBXNativeTarget;
			buildConfigurationList = AED853722CD2266200841149 /* Build configuration list for PBXNativeTarget "smart_city_parking" */;
			buildPhases = (
				AED8534A2CD2266000841149 /* Sources */,
				AED8534B2CD2266000841149 /* Frameworks */,
				AED8534C2CD2266000841149 /* Resources */,
			);
			buildRules = (
			);
			dependencies = (
			);
			name = smart_city_parking;
			packageProductDependencies = (
				AEBC7AD42CE1CDC200768CE3 /* FirebaseAuth */,
				AEBC7AD62CE1CDC200768CE3 /* FirebaseCore */,
				AEBC7AD82CE1CDC200768CE3 /* FirebaseFirestore */,
				AEBC7ADA2CE1CDC200768CE3 /* FirebaseStorage */,
			);
			productName = smart_city_parking;
			productReference = AED8534E2CD2266000841149 /* smart_city_parking.app */;
			productType = "com.apple.product-type.application";
		};
		AED8535D2CD2266200841149 /* smart_city_parkingTests */ = {
			isa = PBXNativeTarget;
			buildConfigurationList = AED853752CD2266200841149 /* Build configuration list for PBXNativeTarget "smart_city_parkingTests" */;
			buildPhases = (
				AED8535A2CD2266200841149 /* Sources */,
				AED8535B2CD2266200841149 /* Frameworks */,
				AED8535C2CD2266200841149 /* Resources */,
			);
			buildRules = (
			);
			dependencies = (
				AED853602CD2266200841149 /* PBXTargetDependency */,
			);
			name = smart_city_parkingTests;
			productName = smart_city_parkingTests;
			productReference = AED8535E2CD2266200841149 /* smart_city_parkingTests.xctest */;
			productType = "com.apple.product-type.bundle.unit-test";
		};
		AED853672CD2266200841149 /* smart_city_parkingUITests */ = {
			isa = PBXNativeTarget;
			buildConfigurationList = AED853782CD2266200841149 /* Build configuration list for PBXNativeTarget "smart_city_parkingUITests" */;
			buildPhases = (
				AED853642CD2266200841149 /* Sources */,
				AED853652CD2266200841149 /* Frameworks */,
				AED853662CD2266200841149 /* Resources */,
			);
			buildRules = (
			);
			dependencies = (
				AED8536A2CD2266200841149 /* PBXTargetDependency */,
			);
			name = smart_city_parkingUITests;
			productName = smart_city_parkingUITests;
			productReference = AED853682CD2266200841149 /* smart_city_parkingUITests.xctest */;
			productType = "com.apple.product-type.bundle.ui-testing";
		};
/* End PBXNativeTarget section */

/* Begin PBXProject section */
		AED853462CD2266000841149 /* Project object */ = {
			isa = PBXProject;
			attributes = {
				BuildIndependentTargetsInParallel = 1;
				LastSwiftUpdateCheck = 1520;
				LastUpgradeCheck = 1520;
				TargetAttributes = {
					AED8534D2CD2266000841149 = {
						CreatedOnToolsVersion = 15.2;
					};
					AED8535D2CD2266200841149 = {
						CreatedOnToolsVersion = 15.2;
						TestTargetID = AED8534D2CD2266000841149;
					};
					AED853672CD2266200841149 = {
						CreatedOnToolsVersion = 15.2;
						TestTargetID = AED8534D2CD2266000841149;
					};
				};
			};
			buildConfigurationList = AED853492CD2266000841149 /* Build configuration list for PBXProject "smart_city_parking" */;
			compatibilityVersion = "Xcode 14.0";
			developmentRegion = en;
			hasScannedForEncodings = 0;
			knownRegions = (
				en,
				Base,
			);
			mainGroup = AED853452CD2266000841149;
			packageReferences = (
				AEBC7AD32CE1CDC200768CE3 /* XCRemoteSwiftPackageReference "firebase-ios-sdk" */,
			);
			productRefGroup = AED8534F2CD2266000841149 /* Products */;
			projectDirPath = "";
			projectRoot = "";
			targets = (
				AED8534D2CD2266000841149 /* smart_city_parking */,
				AED8535D2CD2266200841149 /* smart_city_parkingTests */,
				AED853672CD2266200841149 /* smart_city_parkingUITests */,
			);
		};
/* End PBXProject section */

/* Begin PBXResourcesBuildPhase section */
		AED8534C2CD2266000841149 /* Resources */ = {
			isa = PBXResourcesBuildPhase;
			buildActionMask = 2147483647;
			files = (
				AED853592CD2266100841149 /* Preview Assets.xcassets in Resources */,
				AED853562CD2266100841149 /* Assets.xcassets in Resources */,
				AEBC7AD22CE1CBFB00768CE3 /* GoogleService-Info.plist in Resources */,
			);
			runOnlyForDeploymentPostprocessing = 0;
		};
		AED8535C2CD2266200841149 /* Resources */ = {
			isa = PBXResourcesBuildPhase;
			buildActionMask = 2147483647;
			files = (
			);
			runOnlyForDeploymentPostprocessing = 0;
		};
		AED853662CD2266200841149 /* Resources */ = {
			isa = PBXResourcesBuildPhase;
			buildActionMask = 2147483647;
			files = (
			);
			runOnlyForDeploymentPostprocessing = 0;
		};
/* End PBXResourcesBuildPhase section */

/* Begin PBXSourcesBuildPhase section */
		AED8534A2CD2266000841149 /* Sources */ = {
			isa = PBXSourcesBuildPhase;
			buildActionMask = 2147483647;
			files = (
				AEA98E102CEB5A750094A685 /* test01.swift in Sources */,
				AE81E8332CDFA69D0070A4A1 /* Notifications.swift in Sources */,
				AE81E8272CDF486B0070A4A1 /* ReviewSummary.swift in Sources */,
				AE81E82D2CDF81270070A4A1 /* MyBooking.swift in Sources */,
				AEBE6A362CF07C7200C0501A /* test03.swift in Sources */,
				AE61C1102CDDDAA200C59148 /* ParkingDetails.swift in Sources */,
				AEAF6EF32CEC8A64009CEABD /* test02.swift in Sources */,
				AE81E8312CDF9E650070A4A1 /* Profile.swift in Sources */,
				AE61C1122CDDE47F00C59148 /* MainView.swift in Sources */,
				AED853542CD2266000841149 /* SplashScreenView.swift in Sources */,
				AE95C82E2CDB85BF00E039C5 /* SignIn.swift in Sources */,
				AEB216D22CDC89EE0016C3F3 /* ManualLocation.swift in Sources */,
				AE95C8302CDB8CDA00E039C5 /* Location.swift in Sources */,
				AE95C8282CDB42F100E039C5 /* SignUp.swift in Sources */,
				AED853522CD2266000841149 /* smart_city_parkingApp.swift in Sources */,
				AE81E8252CDF2F470070A4A1 /* SelectParkingSlot.swift in Sources */,
				AE95C8262CDB404300E039C5 /* Onboarding 3.swift in Sources */,
				AE95C82C2CDB826900E039C5 /* Verification 2.swift in Sources */,
				AE81E82B2CDF76570070A4A1 /* SuccessView.swift in Sources */,
				AE95C82A2CDB647100E039C5 /* Verification 1.swift in Sources */,
				AE95C8242CDB337A00E039C5 /* Onboarding 2.swift in Sources */,
				AEBC40822CE3736400488696 /* viewModel.swift in Sources */,
				AEB216D42CDC926A0016C3F3 /* Home.swift in Sources */,
				AE81E82F2CDF92AB0070A4A1 /* Favourite.swift in Sources */,
				AE51E1E82CD9EACA00444207 /* Onboarding 1.swift in Sources */,
				AEBE6A232CF043E400C0501A /* DataController.swift in Sources */,
				AE81E8232CDF2B8C0070A4A1 /* SelectVehicle.swift in Sources */,
				AEBE6A342CF0614D00C0501A /* detailsModel.xcdatamodeld in Sources */,
				AEBC40802CE3726300488696 /* userModel.swift in Sources */,
				AE81E8292CDF698C0070A4A1 /* PaymentMethod.swift in Sources */,
				272E504B2CDEEAB1001E01F2 /* BookingDetails.swift in Sources */,
			);
			runOnlyForDeploymentPostprocessing = 0;
		};
		AED8535A2CD2266200841149 /* Sources */ = {
			isa = PBXSourcesBuildPhase;
			buildActionMask = 2147483647;
			files = (
				AED853632CD2266200841149 /* smart_city_parkingTests.swift in Sources */,
			);
			runOnlyForDeploymentPostprocessing = 0;
		};
		AED853642CD2266200841149 /* Sources */ = {
			isa = PBXSourcesBuildPhase;
			buildActionMask = 2147483647;
			files = (
				AED8536F2CD2266200841149 /* smart_city_parkingUITestsLaunchTests.swift in Sources */,
				AED8536D2CD2266200841149 /* smart_city_parkingUITests.swift in Sources */,
			);
			runOnlyForDeploymentPostprocessing = 0;
		};
/* End PBXSourcesBuildPhase section */

/* Begin PBXTargetDependency section */
		AED853602CD2266200841149 /* PBXTargetDependency */ = {
			isa = PBXTargetDependency;
			target = AED8534D2CD2266000841149 /* smart_city_parking */;
			targetProxy = AED8535F2CD2266200841149 /* PBXContainerItemProxy */;
		};
		AED8536A2CD2266200841149 /* PBXTargetDependency */ = {
			isa = PBXTargetDependency;
			target = AED8534D2CD2266000841149 /* smart_city_parking */;
			targetProxy = AED853692CD2266200841149 /* PBXContainerItemProxy */;
		};
/* End PBXTargetDependency section */

/* Begin XCBuildConfiguration section */
		AED853702CD2266200841149 /* Debug */ = {
			isa = XCBuildConfiguration;
			buildSettings = {
				ALWAYS_SEARCH_USER_PATHS = NO;
				ASSETCATALOG_COMPILER_GENERATE_SWIFT_ASSET_SYMBOL_EXTENSIONS = YES;
				CLANG_ANALYZER_NONNULL = YES;
				CLANG_ANALYZER_NUMBER_OBJECT_CONVERSION = YES_AGGRESSIVE;
				CLANG_CXX_LANGUAGE_STANDARD = "gnu++20";
				CLANG_ENABLE_MODULES = YES;
				CLANG_ENABLE_OBJC_ARC = YES;
				CLANG_ENABLE_OBJC_WEAK = YES;
				CLANG_WARN_BLOCK_CAPTURE_AUTORELEASING = YES;
				CLANG_WARN_BOOL_CONVERSION = YES;
				CLANG_WARN_COMMA = YES;
				CLANG_WARN_CONSTANT_CONVERSION = YES;
				CLANG_WARN_DEPRECATED_OBJC_IMPLEMENTATIONS = YES;
				CLANG_WARN_DIRECT_OBJC_ISA_USAGE = YES_ERROR;
				CLANG_WARN_DOCUMENTATION_COMMENTS = YES;
				CLANG_WARN_EMPTY_BODY = YES;
				CLANG_WARN_ENUM_CONVERSION = YES;
				CLANG_WARN_INFINITE_RECURSION = YES;
				CLANG_WARN_INT_CONVERSION = YES;
				CLANG_WARN_NON_LITERAL_NULL_CONVERSION = YES;
				CLANG_WARN_OBJC_IMPLICIT_RETAIN_SELF = YES;
				CLANG_WARN_OBJC_LITERAL_CONVERSION = YES;
				CLANG_WARN_OBJC_ROOT_CLASS = YES_ERROR;
				CLANG_WARN_QUOTED_INCLUDE_IN_FRAMEWORK_HEADER = YES;
				CLANG_WARN_RANGE_LOOP_ANALYSIS = YES;
				CLANG_WARN_STRICT_PROTOTYPES = YES;
				CLANG_WARN_SUSPICIOUS_MOVE = YES;
				CLANG_WARN_UNGUARDED_AVAILABILITY = YES_AGGRESSIVE;
				CLANG_WARN_UNREACHABLE_CODE = YES;
				CLANG_WARN__DUPLICATE_METHOD_MATCH = YES;
				COPY_PHASE_STRIP = NO;
				DEBUG_INFORMATION_FORMAT = dwarf;
				ENABLE_STRICT_OBJC_MSGSEND = YES;
				ENABLE_TESTABILITY = YES;
				ENABLE_USER_SCRIPT_SANDBOXING = YES;
				GCC_C_LANGUAGE_STANDARD = gnu17;
				GCC_DYNAMIC_NO_PIC = NO;
				GCC_NO_COMMON_BLOCKS = YES;
				GCC_OPTIMIZATION_LEVEL = 0;
				GCC_PREPROCESSOR_DEFINITIONS = (
					"DEBUG=1",
					"$(inherited)",
				);
				GCC_WARN_64_TO_32_BIT_CONVERSION = YES;
				GCC_WARN_ABOUT_RETURN_TYPE = YES_ERROR;
				GCC_WARN_UNDECLARED_SELECTOR = YES;
				GCC_WARN_UNINITIALIZED_AUTOS = YES_AGGRESSIVE;
				GCC_WARN_UNUSED_FUNCTION = YES;
				GCC_WARN_UNUSED_VARIABLE = YES;
				IPHONEOS_DEPLOYMENT_TARGET = 17.2;
				LOCALIZATION_PREFERS_STRING_CATALOGS = YES;
				MTL_ENABLE_DEBUG_INFO = INCLUDE_SOURCE;
				MTL_FAST_MATH = YES;
				ONLY_ACTIVE_ARCH = YES;
				SDKROOT = iphoneos;
				SWIFT_ACTIVE_COMPILATION_CONDITIONS = "DEBUG $(inherited)";
				SWIFT_OPTIMIZATION_LEVEL = "-Onone";
			};
			name = Debug;
		};
		AED853712CD2266200841149 /* Release */ = {
			isa = XCBuildConfiguration;
			buildSettings = {
				ALWAYS_SEARCH_USER_PATHS = NO;
				ASSETCATALOG_COMPILER_GENERATE_SWIFT_ASSET_SYMBOL_EXTENSIONS = YES;
				CLANG_ANALYZER_NONNULL = YES;
				CLANG_ANALYZER_NUMBER_OBJECT_CONVERSION = YES_AGGRESSIVE;
				CLANG_CXX_LANGUAGE_STANDARD = "gnu++20";
				CLANG_ENABLE_MODULES = YES;
				CLANG_ENABLE_OBJC_ARC = YES;
				CLANG_ENABLE_OBJC_WEAK = YES;
				CLANG_WARN_BLOCK_CAPTURE_AUTORELEASING = YES;
				CLANG_WARN_BOOL_CONVERSION = YES;
				CLANG_WARN_COMMA = YES;
				CLANG_WARN_CONSTANT_CONVERSION = YES;
				CLANG_WARN_DEPRECATED_OBJC_IMPLEMENTATIONS = YES;
				CLANG_WARN_DIRECT_OBJC_ISA_USAGE = YES_ERROR;
				CLANG_WARN_DOCUMENTATION_COMMENTS = YES;
				CLANG_WARN_EMPTY_BODY = YES;
				CLANG_WARN_ENUM_CONVERSION = YES;
				CLANG_WARN_INFINITE_RECURSION = YES;
				CLANG_WARN_INT_CONVERSION = YES;
				CLANG_WARN_NON_LITERAL_NULL_CONVERSION = YES;
				CLANG_WARN_OBJC_IMPLICIT_RETAIN_SELF = YES;
				CLANG_WARN_OBJC_LITERAL_CONVERSION = YES;
				CLANG_WARN_OBJC_ROOT_CLASS = YES_ERROR;
				CLANG_WARN_QUOTED_INCLUDE_IN_FRAMEWORK_HEADER = YES;
				CLANG_WARN_RANGE_LOOP_ANALYSIS = YES;
				CLANG_WARN_STRICT_PROTOTYPES = YES;
				CLANG_WARN_SUSPICIOUS_MOVE = YES;
				CLANG_WARN_UNGUARDED_AVAILABILITY = YES_AGGRESSIVE;
				CLANG_WARN_UNREACHABLE_CODE = YES;
				CLANG_WARN__DUPLICATE_METHOD_MATCH = YES;
				COPY_PHASE_STRIP = NO;
				DEBUG_INFORMATION_FORMAT = "dwarf-with-dsym";
				ENABLE_NS_ASSERTIONS = NO;
				ENABLE_STRICT_OBJC_MSGSEND = YES;
				ENABLE_USER_SCRIPT_SANDBOXING = YES;
				GCC_C_LANGUAGE_STANDARD = gnu17;
				GCC_NO_COMMON_BLOCKS = YES;
				GCC_WARN_64_TO_32_BIT_CONVERSION = YES;
				GCC_WARN_ABOUT_RETURN_TYPE = YES_ERROR;
				GCC_WARN_UNDECLARED_SELECTOR = YES;
				GCC_WARN_UNINITIALIZED_AUTOS = YES_AGGRESSIVE;
				GCC_WARN_UNUSED_FUNCTION = YES;
				GCC_WARN_UNUSED_VARIABLE = YES;
				IPHONEOS_DEPLOYMENT_TARGET = 17.2;
				LOCALIZATION_PREFERS_STRING_CATALOGS = YES;
				MTL_ENABLE_DEBUG_INFO = NO;
				MTL_FAST_MATH = YES;
				SDKROOT = iphoneos;
				SWIFT_COMPILATION_MODE = wholemodule;
				VALIDATE_PRODUCT = YES;
			};
			name = Release;
		};
		AED853732CD2266200841149 /* Debug */ = {
			isa = XCBuildConfiguration;
			buildSettings = {
				ASSETCATALOG_COMPILER_APPICON_NAME = AppIcon;
				ASSETCATALOG_COMPILER_GLOBAL_ACCENT_COLOR_NAME = AccentColor;
				CODE_SIGN_STYLE = Automatic;
				CURRENT_PROJECT_VERSION = 1;
				DEVELOPMENT_ASSET_PATHS = "\"smart_city_parking/Preview Content\"";
				ENABLE_PREVIEWS = YES;
				GENERATE_INFOPLIST_FILE = YES;
				INFOPLIST_KEY_NSFaceIDUsageDescription = "unlock your data";
				INFOPLIST_KEY_UIApplicationSceneManifest_Generation = YES;
				INFOPLIST_KEY_UIApplicationSupportsIndirectInputEvents = YES;
				INFOPLIST_KEY_UILaunchScreen_Generation = YES;
				INFOPLIST_KEY_UISupportedInterfaceOrientations_iPad = "UIInterfaceOrientationPortrait UIInterfaceOrientationPortraitUpsideDown UIInterfaceOrientationLandscapeLeft UIInterfaceOrientationLandscapeRight";
				INFOPLIST_KEY_UISupportedInterfaceOrientations_iPhone = "UIInterfaceOrientationPortrait UIInterfaceOrientationLandscapeLeft UIInterfaceOrientationLandscapeRight";
				LD_RUNPATH_SEARCH_PATHS = (
					"$(inherited)",
					"@executable_path/Frameworks",
				);
				MARKETING_VERSION = 1.0;
				PRODUCT_BUNDLE_IDENTIFIER = "madhusha.smart-city-parking";
				PRODUCT_NAME = "$(TARGET_NAME)";
				SWIFT_EMIT_LOC_STRINGS = YES;
				SWIFT_VERSION = 5.0;
				TARGETED_DEVICE_FAMILY = "1,2";
			};
			name = Debug;
		};
		AED853742CD2266200841149 /* Release */ = {
			isa = XCBuildConfiguration;
			buildSettings = {
				ASSETCATALOG_COMPILER_APPICON_NAME = AppIcon;
				ASSETCATALOG_COMPILER_GLOBAL_ACCENT_COLOR_NAME = AccentColor;
				CODE_SIGN_STYLE = Automatic;
				CURRENT_PROJECT_VERSION = 1;
				DEVELOPMENT_ASSET_PATHS = "\"smart_city_parking/Preview Content\"";
				ENABLE_PREVIEWS = YES;
				GENERATE_INFOPLIST_FILE = YES;
				INFOPLIST_KEY_NSFaceIDUsageDescription = "unlock your data";
				INFOPLIST_KEY_UIApplicationSceneManifest_Generation = YES;
				INFOPLIST_KEY_UIApplicationSupportsIndirectInputEvents = YES;
				INFOPLIST_KEY_UILaunchScreen_Generation = YES;
				INFOPLIST_KEY_UISupportedInterfaceOrientations_iPad = "UIInterfaceOrientationPortrait UIInterfaceOrientationPortraitUpsideDown UIInterfaceOrientationLandscapeLeft UIInterfaceOrientationLandscapeRight";
				INFOPLIST_KEY_UISupportedInterfaceOrientations_iPhone = "UIInterfaceOrientationPortrait UIInterfaceOrientationLandscapeLeft UIInterfaceOrientationLandscapeRight";
				LD_RUNPATH_SEARCH_PATHS = (
					"$(inherited)",
					"@executable_path/Frameworks",
				);
				MARKETING_VERSION = 1.0;
				PRODUCT_BUNDLE_IDENTIFIER = "madhusha.smart-city-parking";
				PRODUCT_NAME = "$(TARGET_NAME)";
				SWIFT_EMIT_LOC_STRINGS = YES;
				SWIFT_VERSION = 5.0;
				TARGETED_DEVICE_FAMILY = "1,2";
			};
			name = Release;
		};
		AED853762CD2266200841149 /* Debug */ = {
			isa = XCBuildConfiguration;
			buildSettings = {
				ALWAYS_EMBED_SWIFT_STANDARD_LIBRARIES = YES;
				BUNDLE_LOADER = "$(TEST_HOST)";
				CODE_SIGN_STYLE = Automatic;
				CURRENT_PROJECT_VERSION = 1;
				GENERATE_INFOPLIST_FILE = YES;
				IPHONEOS_DEPLOYMENT_TARGET = 17.2;
				MARKETING_VERSION = 1.0;
				PRODUCT_BUNDLE_IDENTIFIER = "madhusha.smart-city-parkingTests";
				PRODUCT_NAME = "$(TARGET_NAME)";
				SWIFT_EMIT_LOC_STRINGS = NO;
				SWIFT_VERSION = 5.0;
				TARGETED_DEVICE_FAMILY = "1,2";
				TEST_HOST = "$(BUILT_PRODUCTS_DIR)/smart_city_parking.app/$(BUNDLE_EXECUTABLE_FOLDER_PATH)/smart_city_parking";
			};
			name = Debug;
		};
		AED853772CD2266200841149 /* Release */ = {
			isa = XCBuildConfiguration;
			buildSettings = {
				ALWAYS_EMBED_SWIFT_STANDARD_LIBRARIES = YES;
				BUNDLE_LOADER = "$(TEST_HOST)";
				CODE_SIGN_STYLE = Automatic;
				CURRENT_PROJECT_VERSION = 1;
				GENERATE_INFOPLIST_FILE = YES;
				IPHONEOS_DEPLOYMENT_TARGET = 17.2;
				MARKETING_VERSION = 1.0;
				PRODUCT_BUNDLE_IDENTIFIER = "madhusha.smart-city-parkingTests";
				PRODUCT_NAME = "$(TARGET_NAME)";
				SWIFT_EMIT_LOC_STRINGS = NO;
				SWIFT_VERSION = 5.0;
				TARGETED_DEVICE_FAMILY = "1,2";
				TEST_HOST = "$(BUILT_PRODUCTS_DIR)/smart_city_parking.app/$(BUNDLE_EXECUTABLE_FOLDER_PATH)/smart_city_parking";
			};
			name = Release;
		};
		AED853792CD2266200841149 /* Debug */ = {
			isa = XCBuildConfiguration;
			buildSettings = {
				ALWAYS_EMBED_SWIFT_STANDARD_LIBRARIES = YES;
				CODE_SIGN_STYLE = Automatic;
				CURRENT_PROJECT_VERSION = 1;
				GENERATE_INFOPLIST_FILE = YES;
				MARKETING_VERSION = 1.0;
				PRODUCT_BUNDLE_IDENTIFIER = "madhusha.smart-city-parkingUITests";
				PRODUCT_NAME = "$(TARGET_NAME)";
				SWIFT_EMIT_LOC_STRINGS = NO;
				SWIFT_VERSION = 5.0;
				TARGETED_DEVICE_FAMILY = "1,2";
				TEST_TARGET_NAME = smart_city_parking;
			};
			name = Debug;
		};
		AED8537A2CD2266200841149 /* Release */ = {
			isa = XCBuildConfiguration;
			buildSettings = {
				ALWAYS_EMBED_SWIFT_STANDARD_LIBRARIES = YES;
				CODE_SIGN_STYLE = Automatic;
				CURRENT_PROJECT_VERSION = 1;
				GENERATE_INFOPLIST_FILE = YES;
				MARKETING_VERSION = 1.0;
				PRODUCT_BUNDLE_IDENTIFIER = "madhusha.smart-city-parkingUITests";
				PRODUCT_NAME = "$(TARGET_NAME)";
				SWIFT_EMIT_LOC_STRINGS = NO;
				SWIFT_VERSION = 5.0;
				TARGETED_DEVICE_FAMILY = "1,2";
				TEST_TARGET_NAME = smart_city_parking;
			};
			name = Release;
		};
/* End XCBuildConfiguration section */

/* Begin XCConfigurationList section */
		AED853492CD2266000841149 /* Build configuration list for PBXProject "smart_city_parking" */ = {
			isa = XCConfigurationList;
			buildConfigurations = (
				AED853702CD2266200841149 /* Debug */,
				AED853712CD2266200841149 /* Release */,
			);
			defaultConfigurationIsVisible = 0;
			defaultConfigurationName = Release;
		};
		AED853722CD2266200841149 /* Build configuration list for PBXNativeTarget "smart_city_parking" */ = {
			isa = XCConfigurationList;
			buildConfigurations = (
				AED853732CD2266200841149 /* Debug */,
				AED853742CD2266200841149 /* Release */,
			);
			defaultConfigurationIsVisible = 0;
			defaultConfigurationName = Release;
		};
		AED853752CD2266200841149 /* Build configuration list for PBXNativeTarget "smart_city_parkingTests" */ = {
			isa = XCConfigurationList;
			buildConfigurations = (
				AED853762CD2266200841149 /* Debug */,
				AED853772CD2266200841149 /* Release */,
			);
			defaultConfigurationIsVisible = 0;
			defaultConfigurationName = Release;
		};
		AED853782CD2266200841149 /* Build configuration list for PBXNativeTarget "smart_city_parkingUITests" */ = {
			isa = XCConfigurationList;
			buildConfigurations = (
				AED853792CD2266200841149 /* Debug */,
				AED8537A2CD2266200841149 /* Release */,
			);
			defaultConfigurationIsVisible = 0;
			defaultConfigurationName = Release;
		};
/* End XCConfigurationList section */

/* Begin XCRemoteSwiftPackageReference section */
		AEBC7AD32CE1CDC200768CE3 /* XCRemoteSwiftPackageReference "firebase-ios-sdk" */ = {
			isa = XCRemoteSwiftPackageReference;
			repositoryURL = "https://github.com/firebase/firebase-ios-sdk";
			requirement = {
				kind = upToNextMajorVersion;
				minimumVersion = 11.4.0;
			};
		};
/* End XCRemoteSwiftPackageReference section */

/* Begin XCSwiftPackageProductDependency section */
		AEBC7AD42CE1CDC200768CE3 /* FirebaseAuth */ = {
			isa = XCSwiftPackageProductDependency;
			package = AEBC7AD32CE1CDC200768CE3 /* XCRemoteSwiftPackageReference "firebase-ios-sdk" */;
			productName = FirebaseAuth;
		};
		AEBC7AD62CE1CDC200768CE3 /* FirebaseCore */ = {
			isa = XCSwiftPackageProductDependency;
			package = AEBC7AD32CE1CDC200768CE3 /* XCRemoteSwiftPackageReference "firebase-ios-sdk" */;
			productName = FirebaseCore;
		};
		AEBC7AD82CE1CDC200768CE3 /* FirebaseFirestore */ = {
			isa = XCSwiftPackageProductDependency;
			package = AEBC7AD32CE1CDC200768CE3 /* XCRemoteSwiftPackageReference "firebase-ios-sdk" */;
			productName = FirebaseFirestore;
		};
		AEBC7ADA2CE1CDC200768CE3 /* FirebaseStorage */ = {
			isa = XCSwiftPackageProductDependency;
			package = AEBC7AD32CE1CDC200768CE3 /* XCRemoteSwiftPackageReference "firebase-ios-sdk" */;
			productName = FirebaseStorage;
		};
/* End XCSwiftPackageProductDependency section */

/* Begin XCVersionGroup section */
		AEBE6A322CF0614D00C0501A /* detailsModel.xcdatamodeld */ = {
			isa = XCVersionGroup;
			children = (
				AEBE6A332CF0614D00C0501A /* detailsModel.xcdatamodel */,
			);
			currentVersion = AEBE6A332CF0614D00C0501A /* detailsModel.xcdatamodel */;
			path = detailsModel.xcdatamodeld;
			sourceTree = "<group>";
			versionGroupType = wrapper.xcdatamodel;
		};
/* End XCVersionGroup section */
	};
	rootObject = AED853462CD2266000841149 /* Project object */;
}
